{
  "version": 4,
  "terraform_version": "1.4.6",
  "serial": 23,
  "lineage": "a6f5cf28-c960-835c-c452-1cb69d93872e",
  "outputs": {},
  "resources": [
    {
      "mode": "managed",
      "type": "docker_image",
      "name": "nginx",
      "provider": "provider[\"registry.terraform.io/kreuzwerker/docker\"]",
      "instances": [
        {
          "schema_version": 0,
          "attributes": {
            "build": [],
            "force_remove": null,
            "id": "sha256:f9c14fe76d502861ba0939bc3189e642c02e257f06f4c0214b1f8ca329326cdanginx:latest",
            "image_id": "sha256:f9c14fe76d502861ba0939bc3189e642c02e257f06f4c0214b1f8ca329326cda",
            "keep_locally": null,
            "name": "nginx:latest",
            "platform": null,
            "pull_triggers": null,
            "repo_digest": "nginx@sha256:af296b188c7b7df99ba960ca614439c99cb7cf252ed7bbc23e90cfda59092305",
            "triggers": null
          },
          "sensitive_attributes": [],
          "private": "bnVsbA=="
        }
      ]
    }
  ],
  "check_results": null
}
